// !$*UTF8*$!
{
	archiveVersion = 1;
	classes = {
	};
	objectVersion = 46;
	objects = {

/* Begin PBXBuildFile section */
		167417CDC6E50F176DAE342E /* Pods_Road_Trip_RadarUITests.framework in Frameworks */ = {isa = PBXBuildFile; fileRef = 08B6385C59D0BFC942B8917C /* Pods_Road_Trip_RadarUITests.framework */; };
		823A09088FF140FDCC25530C /* Pods_Road_Trip_Radar.framework in Frameworks */ = {isa = PBXBuildFile; fileRef = 371C3740F53C5E1C33ECFBA1 /* Pods_Road_Trip_Radar.framework */; };
		BC3205FD1D3063F7007D3E1B /* AppDelegate.swift in Sources */ = {isa = PBXBuildFile; fileRef = BC3205FC1D3063F7007D3E1B /* AppDelegate.swift */; };
		BC3206021D3063F7007D3E1B /* Main.storyboard in Resources */ = {isa = PBXBuildFile; fileRef = BC3206001D3063F7007D3E1B /* Main.storyboard */; };
		BC3206041D3063F7007D3E1B /* Assets.xcassets in Resources */ = {isa = PBXBuildFile; fileRef = BC3206031D3063F7007D3E1B /* Assets.xcassets */; };
		BC3206071D3063F7007D3E1B /* LaunchScreen.storyboard in Resources */ = {isa = PBXBuildFile; fileRef = BC3206051D3063F7007D3E1B /* LaunchScreen.storyboard */; };
		BC3206121D3063F7007D3E1B /* Road_Trip_RadarTests.swift in Sources */ = {isa = PBXBuildFile; fileRef = BC3206111D3063F7007D3E1B /* Road_Trip_RadarTests.swift */; };
		BC32061D1D3063F7007D3E1B /* Road_Trip_RadarUITests.swift in Sources */ = {isa = PBXBuildFile; fileRef = BC32061C1D3063F7007D3E1B /* Road_Trip_RadarUITests.swift */; };
		BC32062B1D306BE5007D3E1B /* GoogleService-Info.plist in Resources */ = {isa = PBXBuildFile; fileRef = BC32062A1D306BE5007D3E1B /* GoogleService-Info.plist */; };
		BC4AB9D41D371FE000F724A1 /* TripCollectionViewCell.swift in Sources */ = {isa = PBXBuildFile; fileRef = BC4AB9D31D371FE000F724A1 /* TripCollectionViewCell.swift */; };
		BC4AB9D61D3729D400F724A1 /* TripViewController.swift in Sources */ = {isa = PBXBuildFile; fileRef = BC4AB9D51D3729D400F724A1 /* TripViewController.swift */; };
		BC52B4231D35E8C500EE569A /* Trips.swift in Sources */ = {isa = PBXBuildFile; fileRef = BC52B4221D35E8C500EE569A /* Trips.swift */; };
		BC64EDA71D3078B600BB3045 /* SignInViewController.swift in Sources */ = {isa = PBXBuildFile; fileRef = BC64EDA61D3078B600BB3045 /* SignInViewController.swift */; };
		BC64EDAB1D307A2100BB3045 /* AppState.swift in Sources */ = {isa = PBXBuildFile; fileRef = BC64EDA81D307A2100BB3045 /* AppState.swift */; };
		BC64EDAC1D307A2100BB3045 /* MeasurementHelper.swift in Sources */ = {isa = PBXBuildFile; fileRef = BC64EDA91D307A2100BB3045 /* MeasurementHelper.swift */; };
		BC64EDAD1D307A2100BB3045 /* Constants.swift in Sources */ = {isa = PBXBuildFile; fileRef = BC64EDAA1D307A2100BB3045 /* Constants.swift */; };
		EC7FF0FF196512973C01F8CF /* Pods_Road_Trip_RadarTests.framework in Frameworks */ = {isa = PBXBuildFile; fileRef = F48F02FE7F627E1621ED361D /* Pods_Road_Trip_RadarTests.framework */; };
/* End PBXBuildFile section */

/* Begin PBXContainerItemProxy section */
		BC32060E1D3063F7007D3E1B /* PBXContainerItemProxy */ = {
			isa = PBXContainerItemProxy;
			containerPortal = BC3205F11D3063F7007D3E1B /* Project object */;
			proxyType = 1;
			remoteGlobalIDString = BC3205F81D3063F7007D3E1B;
			remoteInfo = "Road Trip Radar";
		};
		BC3206191D3063F7007D3E1B /* PBXContainerItemProxy */ = {
			isa = PBXContainerItemProxy;
			containerPortal = BC3205F11D3063F7007D3E1B /* Project object */;
			proxyType = 1;
			remoteGlobalIDString = BC3205F81D3063F7007D3E1B;
			remoteInfo = "Road Trip Radar";
		};
/* End PBXContainerItemProxy section */

/* Begin PBXFileReference section */
		08B6385C59D0BFC942B8917C /* Pods_Road_Trip_RadarUITests.framework */ = {isa = PBXFileReference; explicitFileType = wrapper.framework; includeInIndex = 0; path = Pods_Road_Trip_RadarUITests.framework; sourceTree = BUILT_PRODUCTS_DIR; };
		0A62E72302FE97211BD6748E /* Pods-Road Trip RadarUITests.release.xcconfig */ = {isa = PBXFileReference; includeInIndex = 1; lastKnownFileType = text.xcconfig; name = "Pods-Road Trip RadarUITests.release.xcconfig"; path = "Pods/Target Support Files/Pods-Road Trip RadarUITests/Pods-Road Trip RadarUITests.release.xcconfig"; sourceTree = "<group>"; };
		371C3740F53C5E1C33ECFBA1 /* Pods_Road_Trip_Radar.framework */ = {isa = PBXFileReference; explicitFileType = wrapper.framework; includeInIndex = 0; path = Pods_Road_Trip_Radar.framework; sourceTree = BUILT_PRODUCTS_DIR; };
		4AAA496C90B03E893DD4708F /* Pods-Road Trip Radar.release.xcconfig */ = {isa = PBXFileReference; includeInIndex = 1; lastKnownFileType = text.xcconfig; name = "Pods-Road Trip Radar.release.xcconfig"; path = "Pods/Target Support Files/Pods-Road Trip Radar/Pods-Road Trip Radar.release.xcconfig"; sourceTree = "<group>"; };
		90311ACAA44496CB028F3D78 /* Pods-Road Trip Radar.debug.xcconfig */ = {isa = PBXFileReference; includeInIndex = 1; lastKnownFileType = text.xcconfig; name = "Pods-Road Trip Radar.debug.xcconfig"; path = "Pods/Target Support Files/Pods-Road Trip Radar/Pods-Road Trip Radar.debug.xcconfig"; sourceTree = "<group>"; };
		AF7596C3F9EDAA2A429B84E1 /* Pods-Road Trip RadarTests.debug.xcconfig */ = {isa = PBXFileReference; includeInIndex = 1; lastKnownFileType = text.xcconfig; name = "Pods-Road Trip RadarTests.debug.xcconfig"; path = "Pods/Target Support Files/Pods-Road Trip RadarTests/Pods-Road Trip RadarTests.debug.xcconfig"; sourceTree = "<group>"; };
		BC3205F91D3063F7007D3E1B /* Road Trip Radar.app */ = {isa = PBXFileReference; explicitFileType = wrapper.application; includeInIndex = 0; path = "Road Trip Radar.app"; sourceTree = BUILT_PRODUCTS_DIR; };
		BC3205FC1D3063F7007D3E1B /* AppDelegate.swift */ = {isa = PBXFileReference; lastKnownFileType = sourcecode.swift; path = AppDelegate.swift; sourceTree = "<group>"; };
		BC3206011D3063F7007D3E1B /* Base */ = {isa = PBXFileReference; lastKnownFileType = file.storyboard; name = Base; path = Base.lproj/Main.storyboard; sourceTree = "<group>"; };
		BC3206031D3063F7007D3E1B /* Assets.xcassets */ = {isa = PBXFileReference; lastKnownFileType = folder.assetcatalog; path = Assets.xcassets; sourceTree = "<group>"; };
		BC3206061D3063F7007D3E1B /* Base */ = {isa = PBXFileReference; lastKnownFileType = file.storyboard; name = Base; path = Base.lproj/LaunchScreen.storyboard; sourceTree = "<group>"; };
		BC3206081D3063F7007D3E1B /* Info.plist */ = {isa = PBXFileReference; lastKnownFileType = text.plist.xml; path = Info.plist; sourceTree = "<group>"; };
		BC32060D1D3063F7007D3E1B /* Road Trip RadarTests.xctest */ = {isa = PBXFileReference; explicitFileType = wrapper.cfbundle; includeInIndex = 0; path = "Road Trip RadarTests.xctest"; sourceTree = BUILT_PRODUCTS_DIR; };
		BC3206111D3063F7007D3E1B /* Road_Trip_RadarTests.swift */ = {isa = PBXFileReference; lastKnownFileType = sourcecode.swift; path = Road_Trip_RadarTests.swift; sourceTree = "<group>"; };
		BC3206131D3063F7007D3E1B /* Info.plist */ = {isa = PBXFileReference; lastKnownFileType = text.plist.xml; path = Info.plist; sourceTree = "<group>"; };
		BC3206181D3063F7007D3E1B /* Road Trip RadarUITests.xctest */ = {isa = PBXFileReference; explicitFileType = wrapper.cfbundle; includeInIndex = 0; path = "Road Trip RadarUITests.xctest"; sourceTree = BUILT_PRODUCTS_DIR; };
		BC32061C1D3063F7007D3E1B /* Road_Trip_RadarUITests.swift */ = {isa = PBXFileReference; lastKnownFileType = sourcecode.swift; path = Road_Trip_RadarUITests.swift; sourceTree = "<group>"; };
		BC32061E1D3063F7007D3E1B /* Info.plist */ = {isa = PBXFileReference; lastKnownFileType = text.plist.xml; path = Info.plist; sourceTree = "<group>"; };
		BC32062A1D306BE5007D3E1B /* GoogleService-Info.plist */ = {isa = PBXFileReference; fileEncoding = 4; lastKnownFileType = text.plist.xml; path = "GoogleService-Info.plist"; sourceTree = "<group>"; };
		BC4AB9D31D371FE000F724A1 /* TripCollectionViewCell.swift */ = {isa = PBXFileReference; fileEncoding = 4; lastKnownFileType = sourcecode.swift; path = TripCollectionViewCell.swift; sourceTree = "<group>"; };
		BC4AB9D51D3729D400F724A1 /* TripViewController.swift */ = {isa = PBXFileReference; fileEncoding = 4; lastKnownFileType = sourcecode.swift; path = TripViewController.swift; sourceTree = "<group>"; };
		BC52B4221D35E8C500EE569A /* Trips.swift */ = {isa = PBXFileReference; fileEncoding = 4; lastKnownFileType = sourcecode.swift; path = Trips.swift; sourceTree = "<group>"; };
		BC64EDA61D3078B600BB3045 /* SignInViewController.swift */ = {isa = PBXFileReference; fileEncoding = 4; lastKnownFileType = sourcecode.swift; name = SignInViewController.swift; path = ../SignInViewController.swift; sourceTree = "<group>"; };
		BC64EDA81D307A2100BB3045 /* AppState.swift */ = {isa = PBXFileReference; fileEncoding = 4; lastKnownFileType = sourcecode.swift; path = AppState.swift; sourceTree = "<group>"; };
		BC64EDA91D307A2100BB3045 /* MeasurementHelper.swift */ = {isa = PBXFileReference; fileEncoding = 4; lastKnownFileType = sourcecode.swift; path = MeasurementHelper.swift; sourceTree = "<group>"; };
		BC64EDAA1D307A2100BB3045 /* Constants.swift */ = {isa = PBXFileReference; fileEncoding = 4; lastKnownFileType = sourcecode.swift; path = Constants.swift; sourceTree = "<group>"; };
		C2C3FEECB5F990E83E2E6AD6 /* Pods-Road Trip RadarTests.release.xcconfig */ = {isa = PBXFileReference; includeInIndex = 1; lastKnownFileType = text.xcconfig; name = "Pods-Road Trip RadarTests.release.xcconfig"; path = "Pods/Target Support Files/Pods-Road Trip RadarTests/Pods-Road Trip RadarTests.release.xcconfig"; sourceTree = "<group>"; };
		F1C6A35E5CA636B67CE9340E /* Pods-Road Trip RadarUITests.debug.xcconfig */ = {isa = PBXFileReference; includeInIndex = 1; lastKnownFileType = text.xcconfig; name = "Pods-Road Trip RadarUITests.debug.xcconfig"; path = "Pods/Target Support Files/Pods-Road Trip RadarUITests/Pods-Road Trip RadarUITests.debug.xcconfig"; sourceTree = "<group>"; };
		F48F02FE7F627E1621ED361D /* Pods_Road_Trip_RadarTests.framework */ = {isa = PBXFileReference; explicitFileType = wrapper.framework; includeInIndex = 0; path = Pods_Road_Trip_RadarTests.framework; sourceTree = BUILT_PRODUCTS_DIR; };
/* End PBXFileReference section */

/* Begin PBXFrameworksBuildPhase section */
		BC3205F61D3063F7007D3E1B /* Frameworks */ = {
			isa = PBXFrameworksBuildPhase;
			buildActionMask = 2147483647;
			files = (
				823A09088FF140FDCC25530C /* Pods_Road_Trip_Radar.framework in Frameworks */,
			);
			runOnlyForDeploymentPostprocessing = 0;
		};
		BC32060A1D3063F7007D3E1B /* Frameworks */ = {
			isa = PBXFrameworksBuildPhase;
			buildActionMask = 2147483647;
			files = (
				EC7FF0FF196512973C01F8CF /* Pods_Road_Trip_RadarTests.framework in Frameworks */,
			);
			runOnlyForDeploymentPostprocessing = 0;
		};
		BC3206151D3063F7007D3E1B /* Frameworks */ = {
			isa = PBXFrameworksBuildPhase;
			buildActionMask = 2147483647;
			files = (
				167417CDC6E50F176DAE342E /* Pods_Road_Trip_RadarUITests.framework in Frameworks */,
			);
			runOnlyForDeploymentPostprocessing = 0;
		};
/* End PBXFrameworksBuildPhase section */

/* Begin PBXGroup section */
		68539C2AE0EF86E33219A8C3 /* Pods */ = {
			isa = PBXGroup;
			children = (
				90311ACAA44496CB028F3D78 /* Pods-Road Trip Radar.debug.xcconfig */,
				4AAA496C90B03E893DD4708F /* Pods-Road Trip Radar.release.xcconfig */,
				AF7596C3F9EDAA2A429B84E1 /* Pods-Road Trip RadarTests.debug.xcconfig */,
				C2C3FEECB5F990E83E2E6AD6 /* Pods-Road Trip RadarTests.release.xcconfig */,
				F1C6A35E5CA636B67CE9340E /* Pods-Road Trip RadarUITests.debug.xcconfig */,
				0A62E72302FE97211BD6748E /* Pods-Road Trip RadarUITests.release.xcconfig */,
			);
			name = Pods;
			sourceTree = "<group>";
		};
		972829594196ADCC606F0D68 /* Frameworks */ = {
			isa = PBXGroup;
			children = (
				371C3740F53C5E1C33ECFBA1 /* Pods_Road_Trip_Radar.framework */,
				F48F02FE7F627E1621ED361D /* Pods_Road_Trip_RadarTests.framework */,
				08B6385C59D0BFC942B8917C /* Pods_Road_Trip_RadarUITests.framework */,
			);
			name = Frameworks;
			sourceTree = "<group>";
		};
		BC3205F01D3063F7007D3E1B = {
			isa = PBXGroup;
			children = (
				BC3205FB1D3063F7007D3E1B /* Road Trip Radar */,
				BC3206101D3063F7007D3E1B /* Road Trip RadarTests */,
				BC32061B1D3063F7007D3E1B /* Road Trip RadarUITests */,
				BC3205FA1D3063F7007D3E1B /* Products */,
				68539C2AE0EF86E33219A8C3 /* Pods */,
				972829594196ADCC606F0D68 /* Frameworks */,
			);
			sourceTree = "<group>";
		};
		BC3205FA1D3063F7007D3E1B /* Products */ = {
			isa = PBXGroup;
			children = (
				BC3205F91D3063F7007D3E1B /* Road Trip Radar.app */,
				BC32060D1D3063F7007D3E1B /* Road Trip RadarTests.xctest */,
				BC3206181D3063F7007D3E1B /* Road Trip RadarUITests.xctest */,
			);
			name = Products;
			sourceTree = "<group>";
		};
		BC3205FB1D3063F7007D3E1B /* Road Trip Radar */ = {
			isa = PBXGroup;
			children = (
				BC52B4241D35F7ED00EE569A /* Model */,
				BC52B4251D35F81000EE569A /* View */,
				BC52B4261D35F82900EE569A /* Controller */,
				BC3206031D3063F7007D3E1B /* Assets.xcassets */,
				BC64EDAE1D307B7B00BB3045 /* Supporting Files */,
				BC3206081D3063F7007D3E1B /* Info.plist */,
				BC32062A1D306BE5007D3E1B /* GoogleService-Info.plist */,
			);
			path = "Road Trip Radar";
			sourceTree = "<group>";
		};
		BC3206101D3063F7007D3E1B /* Road Trip RadarTests */ = {
			isa = PBXGroup;
			children = (
				BC3206111D3063F7007D3E1B /* Road_Trip_RadarTests.swift */,
				BC3206131D3063F7007D3E1B /* Info.plist */,
			);
			path = "Road Trip RadarTests";
			sourceTree = "<group>";
		};
		BC32061B1D3063F7007D3E1B /* Road Trip RadarUITests */ = {
			isa = PBXGroup;
			children = (
				BC32061C1D3063F7007D3E1B /* Road_Trip_RadarUITests.swift */,
				BC32061E1D3063F7007D3E1B /* Info.plist */,
			);
			path = "Road Trip RadarUITests";
			sourceTree = "<group>";
		};
		BC52B4241D35F7ED00EE569A /* Model */ = {
			isa = PBXGroup;
			children = (
				BC52B4221D35E8C500EE569A /* Trips.swift */,
				BC64EDA81D307A2100BB3045 /* AppState.swift */,
				BC64EDA91D307A2100BB3045 /* MeasurementHelper.swift */,
				BC64EDAA1D307A2100BB3045 /* Constants.swift */,
			);
			name = Model;
			sourceTree = "<group>";
		};
		BC52B4251D35F81000EE569A /* View */ = {
			isa = PBXGroup;
			children = (
				BC3206001D3063F7007D3E1B /* Main.storyboard */,
				BC3206051D3063F7007D3E1B /* LaunchScreen.storyboard */,
			);
			name = View;
			sourceTree = "<group>";
		};
		BC52B4261D35F82900EE569A /* Controller */ = {
			isa = PBXGroup;
			children = (
				BC64EDA61D3078B600BB3045 /* SignInViewController.swift */,
				BC4AB9D51D3729D400F724A1 /* TripViewController.swift */,
				BC4AB9D31D371FE000F724A1 /* TripCollectionViewCell.swift */,
			);
			name = Controller;
			sourceTree = "<group>";
		};
		BC64EDAE1D307B7B00BB3045 /* Supporting Files */ = {
			isa = PBXGroup;
			children = (
				BC3205FC1D3063F7007D3E1B /* AppDelegate.swift */,
			);
			name = "Supporting Files";
			sourceTree = "<group>";
		};
/* End PBXGroup section */

/* Begin PBXNativeTarget section */
		BC3205F81D3063F7007D3E1B /* Road Trip Radar */ = {
			isa = PBXNativeTarget;
			buildConfigurationList = BC3206211D3063F7007D3E1B /* Build configuration list for PBXNativeTarget "Road Trip Radar" */;
			buildPhases = (
				D883C654ED3133DF7C064AAF /* [CP] Check Pods Manifest.lock */,
				BC3205F51D3063F7007D3E1B /* Sources */,
				BC3205F61D3063F7007D3E1B /* Frameworks */,
				BC3205F71D3063F7007D3E1B /* Resources */,
				943A71DE992E7D1CB9758636 /* [CP] Embed Pods Frameworks */,
				CC849361EACC6A4F58911AB2 /* [CP] Copy Pods Resources */,
			);
			buildRules = (
			);
			dependencies = (
			);
			name = "Road Trip Radar";
			productName = "Road Trip Radar";
			productReference = BC3205F91D3063F7007D3E1B /* Road Trip Radar.app */;
			productType = "com.apple.product-type.application";
		};
		BC32060C1D3063F7007D3E1B /* Road Trip RadarTests */ = {
			isa = PBXNativeTarget;
			buildConfigurationList = BC3206241D3063F7007D3E1B /* Build configuration list for PBXNativeTarget "Road Trip RadarTests" */;
			buildPhases = (
				4A368744D612587FF01D9523 /* [CP] Check Pods Manifest.lock */,
				BC3206091D3063F7007D3E1B /* Sources */,
				BC32060A1D3063F7007D3E1B /* Frameworks */,
				BC32060B1D3063F7007D3E1B /* Resources */,
				EC6E266C4C70AA7C8C632EE5 /* [CP] Embed Pods Frameworks */,
				73BB9591D5705D50D6FA005B /* [CP] Copy Pods Resources */,
			);
			buildRules = (
			);
			dependencies = (
				BC32060F1D3063F7007D3E1B /* PBXTargetDependency */,
			);
			name = "Road Trip RadarTests";
			productName = "Road Trip RadarTests";
			productReference = BC32060D1D3063F7007D3E1B /* Road Trip RadarTests.xctest */;
			productType = "com.apple.product-type.bundle.unit-test";
		};
		BC3206171D3063F7007D3E1B /* Road Trip RadarUITests */ = {
			isa = PBXNativeTarget;
			buildConfigurationList = BC3206271D3063F7007D3E1B /* Build configuration list for PBXNativeTarget "Road Trip RadarUITests" */;
			buildPhases = (
				6ABB40DA342E0E2D5CAB8B5A /* [CP] Check Pods Manifest.lock */,
				BC3206141D3063F7007D3E1B /* Sources */,
				BC3206151D3063F7007D3E1B /* Frameworks */,
				BC3206161D3063F7007D3E1B /* Resources */,
				9058CD9CC3B4B8F644007627 /* [CP] Copy Pods Resources */,
			);
			buildRules = (
			);
			dependencies = (
				BC32061A1D3063F7007D3E1B /* PBXTargetDependency */,
			);
			name = "Road Trip RadarUITests";
			productName = "Road Trip RadarUITests";
			productReference = BC3206181D3063F7007D3E1B /* Road Trip RadarUITests.xctest */;
			productType = "com.apple.product-type.bundle.ui-testing";
		};
/* End PBXNativeTarget section */

/* Begin PBXProject section */
		BC3205F11D3063F7007D3E1B /* Project object */ = {
			isa = PBXProject;
			attributes = {
				LastSwiftUpdateCheck = 0730;
				LastUpgradeCheck = 0730;
				ORGANIZATIONNAME = "Michael Pujol";
				TargetAttributes = {
					BC3205F81D3063F7007D3E1B = {
						CreatedOnToolsVersion = 7.3.1;
						DevelopmentTeam = 2BPJV79PL6;
					};
					BC32060C1D3063F7007D3E1B = {
						CreatedOnToolsVersion = 7.3.1;
						TestTargetID = BC3205F81D3063F7007D3E1B;
					};
					BC3206171D3063F7007D3E1B = {
						CreatedOnToolsVersion = 7.3.1;
						TestTargetID = BC3205F81D3063F7007D3E1B;
					};
				};
			};
			buildConfigurationList = BC3205F41D3063F7007D3E1B /* Build configuration list for PBXProject "Road Trip Radar" */;
			compatibilityVersion = "Xcode 3.2";
			developmentRegion = English;
			hasScannedForEncodings = 0;
			knownRegions = (
				en,
				Base,
			);
			mainGroup = BC3205F01D3063F7007D3E1B;
			productRefGroup = BC3205FA1D3063F7007D3E1B /* Products */;
			projectDirPath = "";
			projectRoot = "";
			targets = (
				BC3205F81D3063F7007D3E1B /* Road Trip Radar */,
				BC32060C1D3063F7007D3E1B /* Road Trip RadarTests */,
				BC3206171D3063F7007D3E1B /* Road Trip RadarUITests */,
			);
		};
/* End PBXProject section */

/* Begin PBXResourcesBuildPhase section */
		BC3205F71D3063F7007D3E1B /* Resources */ = {
			isa = PBXResourcesBuildPhase;
			buildActionMask = 2147483647;
			files = (
				BC3206071D3063F7007D3E1B /* LaunchScreen.storyboard in Resources */,
				BC32062B1D306BE5007D3E1B /* GoogleService-Info.plist in Resources */,
				BC3206041D3063F7007D3E1B /* Assets.xcassets in Resources */,
				BC3206021D3063F7007D3E1B /* Main.storyboard in Resources */,
			);
			runOnlyForDeploymentPostprocessing = 0;
		};
		BC32060B1D3063F7007D3E1B /* Resources */ = {
			isa = PBXResourcesBuildPhase;
			buildActionMask = 2147483647;
			files = (
			);
			runOnlyForDeploymentPostprocessing = 0;
		};
		BC3206161D3063F7007D3E1B /* Resources */ = {
			isa = PBXResourcesBuildPhase;
			buildActionMask = 2147483647;
			files = (
			);
			runOnlyForDeploymentPostprocessing = 0;
		};
/* End PBXResourcesBuildPhase section */

/* Begin PBXShellScriptBuildPhase section */
		4A368744D612587FF01D9523 /* [CP] Check Pods Manifest.lock */ = {
			isa = PBXShellScriptBuildPhase;
			buildActionMask = 2147483647;
			files = (
			);
			inputPaths = (
			);
			name = "[CP] Check Pods Manifest.lock";
			outputPaths = (
			);
			runOnlyForDeploymentPostprocessing = 0;
			shellPath = /bin/sh;
			shellScript = "diff \"${PODS_ROOT}/../Podfile.lock\" \"${PODS_ROOT}/Manifest.lock\" > /dev/null\nif [[ $? != 0 ]] ; then\n    cat << EOM\nerror: The sandbox is not in sync with the Podfile.lock. Run 'pod install' or update your CocoaPods installation.\nEOM\n    exit 1\nfi\n";
			showEnvVarsInLog = 0;
		};
		6ABB40DA342E0E2D5CAB8B5A /* [CP] Check Pods Manifest.lock */ = {
			isa = PBXShellScriptBuildPhase;
			buildActionMask = 2147483647;
			files = (
			);
			inputPaths = (
			);
			name = "[CP] Check Pods Manifest.lock";
			outputPaths = (
			);
			runOnlyForDeploymentPostprocessing = 0;
			shellPath = /bin/sh;
			shellScript = "diff \"${PODS_ROOT}/../Podfile.lock\" \"${PODS_ROOT}/Manifest.lock\" > /dev/null\nif [[ $? != 0 ]] ; then\n    cat << EOM\nerror: The sandbox is not in sync with the Podfile.lock. Run 'pod install' or update your CocoaPods installation.\nEOM\n    exit 1\nfi\n";
			showEnvVarsInLog = 0;
		};
		73BB9591D5705D50D6FA005B /* [CP] Copy Pods Resources */ = {
			isa = PBXShellScriptBuildPhase;
			buildActionMask = 2147483647;
			files = (
			);
			inputPaths = (
			);
			name = "[CP] Copy Pods Resources";
			outputPaths = (
			);
			runOnlyForDeploymentPostprocessing = 0;
			shellPath = /bin/sh;
			shellScript = "\"${SRCROOT}/Pods/Target Support Files/Pods-Road Trip RadarTests/Pods-Road Trip RadarTests-resources.sh\"\n";
			showEnvVarsInLog = 0;
		};
		9058CD9CC3B4B8F644007627 /* [CP] Copy Pods Resources */ = {
			isa = PBXShellScriptBuildPhase;
			buildActionMask = 2147483647;
			files = (
			);
			inputPaths = (
			);
			name = "[CP] Copy Pods Resources";
			outputPaths = (
			);
			runOnlyForDeploymentPostprocessing = 0;
			shellPath = /bin/sh;
			shellScript = "\"${SRCROOT}/Pods/Target Support Files/Pods-Road Trip RadarUITests/Pods-Road Trip RadarUITests-resources.sh\"\n";
			showEnvVarsInLog = 0;
		};
		943A71DE992E7D1CB9758636 /* [CP] Embed Pods Frameworks */ = {
			isa = PBXShellScriptBuildPhase;
			buildActionMask = 2147483647;
			files = (
			);
			inputPaths = (
			);
			name = "[CP] Embed Pods Frameworks";
			outputPaths = (
			);
			runOnlyForDeploymentPostprocessing = 0;
			shellPath = /bin/sh;
			shellScript = "\"${SRCROOT}/Pods/Target Support Files/Pods-Road Trip Radar/Pods-Road Trip Radar-frameworks.sh\"\n";
			showEnvVarsInLog = 0;
		};
		CC849361EACC6A4F58911AB2 /* [CP] Copy Pods Resources */ = {
			isa = PBXShellScriptBuildPhase;
			buildActionMask = 2147483647;
			files = (
			);
			inputPaths = (
			);
			name = "[CP] Copy Pods Resources";
			outputPaths = (
			);
			runOnlyForDeploymentPostprocessing = 0;
			shellPath = /bin/sh;
			shellScript = "\"${SRCROOT}/Pods/Target Support Files/Pods-Road Trip Radar/Pods-Road Trip Radar-resources.sh\"\n";
			showEnvVarsInLog = 0;
		};
		D883C654ED3133DF7C064AAF /* [CP] Check Pods Manifest.lock */ = {
			isa = PBXShellScriptBuildPhase;
			buildActionMask = 2147483647;
			files = (
			);
			inputPaths = (
			);
			name = "[CP] Check Pods Manifest.lock";
			outputPaths = (
			);
			runOnlyForDeploymentPostprocessing = 0;
			shellPath = /bin/sh;
			shellScript = "diff \"${PODS_ROOT}/../Podfile.lock\" \"${PODS_ROOT}/Manifest.lock\" > /dev/null\nif [[ $? != 0 ]] ; then\n    cat << EOM\nerror: The sandbox is not in sync with the Podfile.lock. Run 'pod install' or update your CocoaPods installation.\nEOM\n    exit 1\nfi\n";
			showEnvVarsInLog = 0;
		};
		EC6E266C4C70AA7C8C632EE5 /* [CP] Embed Pods Frameworks */ = {
			isa = PBXShellScriptBuildPhase;
			buildActionMask = 2147483647;
			files = (
			);
			inputPaths = (
			);
			name = "[CP] Embed Pods Frameworks";
			outputPaths = (
			);
			runOnlyForDeploymentPostprocessing = 0;
			shellPath = /bin/sh;
			shellScript = "\"${SRCROOT}/Pods/Target Support Files/Pods-Road Trip RadarTests/Pods-Road Trip RadarTests-frameworks.sh\"\n";
			showEnvVarsInLog = 0;
		};
/* End PBXShellScriptBuildPhase section */

/* Begin PBXSourcesBuildPhase section */
		BC3205F51D3063F7007D3E1B /* Sources */ = {
			isa = PBXSourcesBuildPhase;
			buildActionMask = 2147483647;
			files = (
				BC64EDAD1D307A2100BB3045 /* Constants.swift in Sources */,
				BC64EDAC1D307A2100BB3045 /* MeasurementHelper.swift in Sources */,
				BC4AB9D61D3729D400F724A1 /* TripViewController.swift in Sources */,
				BC64EDAB1D307A2100BB3045 /* AppState.swift in Sources */,
				BC64EDA71D3078B600BB3045 /* SignInViewController.swift in Sources */,
				BC4AB9D41D371FE000F724A1 /* TripCollectionViewCell.swift in Sources */,
				BC3205FD1D3063F7007D3E1B /* AppDelegate.swift in Sources */,
				BC52B4231D35E8C500EE569A /* Trips.swift in Sources */,
			);
			runOnlyForDeploymentPostprocessing = 0;
		};
		BC3206091D3063F7007D3E1B /* Sources */ = {
			isa = PBXSourcesBuildPhase;
			buildActionMask = 2147483647;
			files = (
				BC3206121D3063F7007D3E1B /* Road_Trip_RadarTests.swift in Sources */,
			);
			runOnlyForDeploymentPostprocessing = 0;
		};
		BC3206141D3063F7007D3E1B /* Sources */ = {
			isa = PBXSourcesBuildPhase;
			buildActionMask = 2147483647;
			files = (
				BC32061D1D3063F7007D3E1B /* Road_Trip_RadarUITests.swift in Sources */,
			);
			runOnlyForDeploymentPostprocessing = 0;
		};
/* End PBXSourcesBuildPhase section */

/* Begin PBXTargetDependency section */
		BC32060F1D3063F7007D3E1B /* PBXTargetDependency */ = {
			isa = PBXTargetDependency;
			target = BC3205F81D3063F7007D3E1B /* Road Trip Radar */;
			targetProxy = BC32060E1D3063F7007D3E1B /* PBXContainerItemProxy */;
		};
		BC32061A1D3063F7007D3E1B /* PBXTargetDependency */ = {
			isa = PBXTargetDependency;
			target = BC3205F81D3063F7007D3E1B /* Road Trip Radar */;
			targetProxy = BC3206191D3063F7007D3E1B /* PBXContainerItemProxy */;
		};
/* End PBXTargetDependency section */

/* Begin PBXVariantGroup section */
		BC3206001D3063F7007D3E1B /* Main.storyboard */ = {
			isa = PBXVariantGroup;
			children = (
				BC3206011D3063F7007D3E1B /* Base */,
			);
			name = Main.storyboard;
			sourceTree = "<group>";
		};
		BC3206051D3063F7007D3E1B /* LaunchScreen.storyboard */ = {
			isa = PBXVariantGroup;
			children = (
				BC3206061D3063F7007D3E1B /* Base */,
			);
			name = LaunchScreen.storyboard;
			sourceTree = "<group>";
		};
/* End PBXVariantGroup section */

/* Begin XCBuildConfiguration section */
		BC32061F1D3063F7007D3E1B /* Debug */ = {
			isa = XCBuildConfiguration;
			buildSettings = {
				ALWAYS_SEARCH_USER_PATHS = NO;
				CLANG_ANALYZER_NONNULL = YES;
				CLANG_CXX_LANGUAGE_STANDARD = "gnu++0x";
				CLANG_CXX_LIBRARY = "libc++";
				CLANG_ENABLE_MODULES = YES;
				CLANG_ENABLE_OBJC_ARC = YES;
				CLANG_WARN_BOOL_CONVERSION = YES;
				CLANG_WARN_CONSTANT_CONVERSION = YES;
				CLANG_WARN_DIRECT_OBJC_ISA_USAGE = YES_ERROR;
				CLANG_WARN_EMPTY_BODY = YES;
				CLANG_WARN_ENUM_CONVERSION = YES;
				CLANG_WARN_INT_CONVERSION = YES;
				CLANG_WARN_OBJC_ROOT_CLASS = YES_ERROR;
				CLANG_WARN_UNREACHABLE_CODE = YES;
				CLANG_WARN__DUPLICATE_METHOD_MATCH = YES;
				"CODE_SIGN_IDENTITY[sdk=iphoneos*]" = "iPhone Developer";
				COPY_PHASE_STRIP = NO;
				DEBUG_INFORMATION_FORMAT = dwarf;
				ENABLE_STRICT_OBJC_MSGSEND = YES;
				ENABLE_TESTABILITY = YES;
				GCC_C_LANGUAGE_STANDARD = gnu99;
				GCC_DYNAMIC_NO_PIC = NO;
				GCC_NO_COMMON_BLOCKS = YES;
				GCC_OPTIMIZATION_LEVEL = 0;
				GCC_PREPROCESSOR_DEFINITIONS = (
					"DEBUG=1",
					"$(inherited)",
				);
				GCC_WARN_64_TO_32_BIT_CONVERSION = YES;
				GCC_WARN_ABOUT_RETURN_TYPE = YES_ERROR;
				GCC_WARN_UNDECLARED_SELECTOR = YES;
				GCC_WARN_UNINITIALIZED_AUTOS = YES_AGGRESSIVE;
				GCC_WARN_UNUSED_FUNCTION = YES;
				GCC_WARN_UNUSED_VARIABLE = YES;
				IPHONEOS_DEPLOYMENT_TARGET = 9.3;
				MTL_ENABLE_DEBUG_INFO = YES;
				ONLY_ACTIVE_ARCH = YES;
				SDKROOT = iphoneos;
				SWIFT_OPTIMIZATION_LEVEL = "-Onone";
			};
			name = Debug;
		};
		BC3206201D3063F7007D3E1B /* Release */ = {
			isa = XCBuildConfiguration;
			buildSettings = {
				ALWAYS_SEARCH_USER_PATHS = NO;
				CLANG_ANALYZER_NONNULL = YES;
				CLANG_CXX_LANGUAGE_STANDARD = "gnu++0x";
				CLANG_CXX_LIBRARY = "libc++";
				CLANG_ENABLE_MODULES = YES;
				CLANG_ENABLE_OBJC_ARC = YES;
				CLANG_WARN_BOOL_CONVERSION = YES;
				CLANG_WARN_CONSTANT_CONVERSION = YES;
				CLANG_WARN_DIRECT_OBJC_ISA_USAGE = YES_ERROR;
				CLANG_WARN_EMPTY_BODY = YES;
				CLANG_WARN_ENUM_CONVERSION = YES;
				CLANG_WARN_INT_CONVERSION = YES;
				CLANG_WARN_OBJC_ROOT_CLASS = YES_ERROR;
				CLANG_WARN_UNREACHABLE_CODE = YES;
				CLANG_WARN__DUPLICATE_METHOD_MATCH = YES;
				"CODE_SIGN_IDENTITY[sdk=iphoneos*]" = "iPhone Developer";
				COPY_PHASE_STRIP = NO;
				DEBUG_INFORMATION_FORMAT = "dwarf-with-dsym";
				ENABLE_NS_ASSERTIONS = NO;
				ENABLE_STRICT_OBJC_MSGSEND = YES;
				GCC_C_LANGUAGE_STANDARD = gnu99;
				GCC_NO_COMMON_BLOCKS = YES;
				GCC_WARN_64_TO_32_BIT_CONVERSION = YES;
				GCC_WARN_ABOUT_RETURN_TYPE = YES_ERROR;
				GCC_WARN_UNDECLARED_SELECTOR = YES;
				GCC_WARN_UNINITIALIZED_AUTOS = YES_AGGRESSIVE;
				GCC_WARN_UNUSED_FUNCTION = YES;
				GCC_WARN_UNUSED_VARIABLE = YES;
				IPHONEOS_DEPLOYMENT_TARGET = 9.3;
				MTL_ENABLE_DEBUG_INFO = NO;
				SDKROOT = iphoneos;
				VALIDATE_PRODUCT = YES;
			};
			name = Release;
		};
		BC3206221D3063F7007D3E1B /* Debug */ = {
			isa = XCBuildConfiguration;
			baseConfigurationReference = 90311ACAA44496CB028F3D78 /* Pods-Road Trip Radar.debug.xcconfig */;
			buildSettings = {
				ASSETCATALOG_COMPILER_APPICON_NAME = AppIcon;
				CODE_SIGN_IDENTITY = "iPhone Developer";
				INFOPLIST_FILE = "Road Trip Radar/Info.plist";
				LD_RUNPATH_SEARCH_PATHS = "$(inherited) @executable_path/Frameworks";
				PRODUCT_BUNDLE_IDENTIFIER = "mike.pujol.Road-Trip-Radar";
				PRODUCT_NAME = "$(TARGET_NAME)";
			};
			name = Debug;
		};
		BC3206231D3063F7007D3E1B /* Release */ = {
			isa = XCBuildConfiguration;
			baseConfigurationReference = 4AAA496C90B03E893DD4708F /* Pods-Road Trip Radar.release.xcconfig */;
			buildSettings = {
				ASSETCATALOG_COMPILER_APPICON_NAME = AppIcon;
				CODE_SIGN_IDENTITY = "iPhone Developer";
				INFOPLIST_FILE = "Road Trip Radar/Info.plist";
				LD_RUNPATH_SEARCH_PATHS = "$(inherited) @executable_path/Frameworks";
				PRODUCT_BUNDLE_IDENTIFIER = "mike.pujol.Road-Trip-Radar";
				PRODUCT_NAME = "$(TARGET_NAME)";
			};
			name = Release;
		};
		BC3206251D3063F7007D3E1B /* Debug */ = {
			isa = XCBuildConfiguration;
			baseConfigurationReference = AF7596C3F9EDAA2A429B84E1 /* Pods-Road Trip RadarTests.debug.xcconfig */;
			buildSettings = {
				BUNDLE_LOADER = "$(TEST_HOST)";
				INFOPLIST_FILE = "Road Trip RadarTests/Info.plist";
				LD_RUNPATH_SEARCH_PATHS = "$(inherited) @executable_path/Frameworks @loader_path/Frameworks";
				PRODUCT_BUNDLE_IDENTIFIER = "mike.pujol.Road-Trip-RadarTests";
				PRODUCT_NAME = "$(TARGET_NAME)";
				TEST_HOST = "$(BUILT_PRODUCTS_DIR)/Road Trip Radar.app/Road Trip Radar";
			};
			name = Debug;
		};
		BC3206261D3063F7007D3E1B /* Release */ = {
			isa = XCBuildConfiguration;
			baseConfigurationReference = C2C3FEECB5F990E83E2E6AD6 /* Pods-Road Trip RadarTests.release.xcconfig */;
			buildSettings = {
				BUNDLE_LOADER = "$(TEST_HOST)";
				INFOPLIST_FILE = "Road Trip RadarTests/Info.plist";
				LD_RUNPATH_SEARCH_PATHS = "$(inherited) @executable_path/Frameworks @loader_path/Frameworks";
				PRODUCT_BUNDLE_IDENTIFIER = "mike.pujol.Road-Trip-RadarTests";
				PRODUCT_NAME = "$(TARGET_NAME)";
				TEST_HOST = "$(BUILT_PRODUCTS_DIR)/Road Trip Radar.app/Road Trip Radar";
			};
			name = Release;
		};
		BC3206281D3063F7007D3E1B /* Debug */ = {
			isa = XCBuildConfiguration;
			baseConfigurationReference = F1C6A35E5CA636B67CE9340E /* Pods-Road Trip RadarUITests.debug.xcconfig */;
			buildSettings = {
				INFOPLIST_FILE = "Road Trip RadarUITests/Info.plist";
				LD_RUNPATH_SEARCH_PATHS = "$(inherited) @executable_path/Frameworks @loader_path/Frameworks";
				PRODUCT_BUNDLE_IDENTIFIER = "mike.pujol.Road-Trip-RadarUITests";
				PRODUCT_NAME = "$(TARGET_NAME)";
				TEST_TARGET_NAME = "Road Trip Radar";
			};
			name = Debug;
		};
		BC3206291D3063F7007D3E1B /* Release */ = {
			isa = XCBuildConfiguration;
			baseConfigurationReference = 0A62E72302FE97211BD6748E /* Pods-Road Trip RadarUITests.release.xcconfig */;
			buildSettings = {
				INFOPLIST_FILE = "Road Trip RadarUITests/Info.plist";
				LD_RUNPATH_SEARCH_PATHS = "$(inherited) @executable_path/Frameworks @loader_path/Frameworks";
				PRODUCT_BUNDLE_IDENTIFIER = "mike.pujol.Road-Trip-RadarUITests";
				PRODUCT_NAME = "$(TARGET_NAME)";
				TEST_TARGET_NAME = "Road Trip Radar";
			};
			name = Release;
		};
/* End XCBuildConfiguration section */

/* Begin XCConfigurationList section */
		BC3205F41D3063F7007D3E1B /* Build configuration list for PBXProject "Road Trip Radar" */ = {
			isa = XCConfigurationList;
			buildConfigurations = (
				BC32061F1D3063F7007D3E1B /* Debug */,
				BC3206201D3063F7007D3E1B /* Release */,
			);
			defaultConfigurationIsVisible = 0;
			defaultConfigurationName = Release;
		};
		BC3206211D3063F7007D3E1B /* Build configuration list for PBXNativeTarget "Road Trip Radar" */ = {
			isa = XCConfigurationList;
			buildConfigurations = (
				BC3206221D3063F7007D3E1B /* Debug */,
				BC3206231D3063F7007D3E1B /* Release */,
			);
			defaultConfigurationIsVisible = 0;
			defaultConfigurationName = Release;
		};
		BC3206241D3063F7007D3E1B /* Build configuration list for PBXNativeTarget "Road Trip RadarTests" */ = {
			isa = XCConfigurationList;
			buildConfigurations = (
				BC3206251D3063F7007D3E1B /* Debug */,
				BC3206261D3063F7007D3E1B /* Release */,
			);
			defaultConfigurationIsVisible = 0;
			defaultConfigurationName = Release;
		};
		BC3206271D3063F7007D3E1B /* Build configuration list for PBXNativeTarget "Road Trip RadarUITests" */ = {
			isa = XCConfigurationList;
			buildConfigurations = (
				BC3206281D3063F7007D3E1B /* Debug */,
				BC3206291D3063F7007D3E1B /* Release */,
			);
			defaultConfigurationIsVisible = 0;
			defaultConfigurationName = Release;
		};
/* End XCConfigurationList section */
	};
	rootObject = BC3205F11D3063F7007D3E1B /* Project object */;
}
